
Microsoft Visual Studio Solution File, Format Version 12.00
# Visual Studio Version 16
VisualStudioVersion = 16.0.31507.150
MinimumVisualStudioVersion = 10.0.40219.1
Project("{FAE04EC0-301F-11D3-BF4B-00C04F79EFBC}") = "CG.Blazor.Maintenance.QuickStart", "CG.Blazor.Maintenance.QuickStart.csproj", "{6C928ACC-6E8C-46D5-9CD0-A309781ADFD7}"
EndProject
Project("{9A19103F-16F7-4668-BE54-9A1E7A4F7556}") = "CG.Blazor.Maintenance", "..\..\src\CG.Blazor.Maintenance\CG.Blazor.Maintenance.csproj", "{DD1B69D3-28A4-4852-85DA-27BF698568A7}"
EndProject
Global
	GlobalSection(SolutionConfigurationPlatforms) = preSolution
		Debug|Any CPU = Debug|Any CPU
		Release|Any CPU = Release|Any CPU
	EndGlobalSection
	GlobalSection(ProjectConfigurationPlatforms) = postSolution
		{6C928ACC-6E8C-46D5-9CD0-A309781ADFD7}.Debug|Any CPU.ActiveCfg = Debug|Any CPU
		{6C928ACC-6E8C-46D5-9CD0-A309781ADFD7}.Debug|Any CPU.Build.0 = Debug|Any CPU
		{6C928ACC-6E8C-46D5-9CD0-A309781ADFD7}.Release|Any CPU.ActiveCfg = Release|Any CPU
		{6C928ACC-6E8C-46D5-9CD0-A309781ADFD7}.Release|Any CPU.Build.0 = Release|Any CPU
		{DD1B69D3-28A4-4852-85DA-27BF698568A7}.Debug|Any CPU.ActiveCfg = Debug|Any CPU
		{DD1B69D3-28A4-4852-85DA-27BF698568A7}.Debug|Any CPU.Build.0 = Debug|Any CPU
		{DD1B69D3-28A4-4852-85DA-27BF698568A7}.Release|Any CPU.ActiveCfg = Release|Any CPU
		{DD1B69D3-28A4-4852-85DA-27BF698568A7}.Release|Any CPU.Build.0 = Release|Any CPU
	EndGlobalSection
	GlobalSection(SolutionProperties) = preSolution
		HideSolutionNode = FALSE
	EndGlobalSection
	GlobalSection(ExtensibilityGlobals) = postSolution
		SolutionGuid = {59948689-56FD-468C-BD83-A786438AF2FE}
	EndGlobalSection
EndGlobal
